
Microsoft Visual Studio Solution File, Format Version 11.00
# Visual Studio 2010
Project("{8BC9CEB8-8B4A-11D0-8D11-00A0C91BC942}") = "test1", "test1\test1.vcxproj", "{F774B89C-36F0-48C1-9235-3B1CF871781F}"
EndProject
Global
	GlobalSection(SolutionConfigurationPlatforms) = preSolution
		Debug|Win32 = Debug|Win32
		Release|Win32 = Release|Win32
	EndGlobalSection
	GlobalSection(ProjectConfigurationPlatforms) = postSolution
		{F774B89C-36F0-48C1-9235-3B1CF871781F}.Debug|Win32.ActiveCfg = Debug|Win32
		{F774B89C-36F0-48C1-9235-3B1CF871781F}.Debug|Win32.Build.0 = Debug|Win32
		{F774B89C-36F0-48C1-9235-3B1CF871781F}.Release|Win32.ActiveCfg = Release|Win32
		{F774B89C-36F0-48C1-9235-3B1CF871781F}.Release|Win32.Build.0 = Release|Win32
	EndGlobalSection
	GlobalSection(SolutionProperties) = preSolution
		HideSolutionNode = FALSE
	EndGlobalSection
EndGlobal
